
Microsoft Visual Studio Solution File, Format Version 12.00
# Visual Studio Version 17
VisualStudioVersion = 17.6.33801.468
MinimumVisualStudioVersion = 10.0.40219.1
Project("{FAE04EC0-301F-11D3-BF4B-00C04F79EFBC}") = "Menu_Text_Redactor", "Menu_Text_Redactor\Menu_Text_Redactor.csproj", "{934FC42A-313E-482C-887C-0E76C25CBD5B}"
EndProject
Global
	GlobalSection(SolutionConfigurationPlatforms) = preSolution
		Debug|Any CPU = Debug|Any CPU
		Release|Any CPU = Release|Any CPU
	EndGlobalSection
	GlobalSection(ProjectConfigurationPlatforms) = postSolution
		{934FC42A-313E-482C-887C-0E76C25CBD5B}.Debug|Any CPU.ActiveCfg = Debug|Any CPU
		{934FC42A-313E-482C-887C-0E76C25CBD5B}.Debug|Any CPU.Build.0 = Debug|Any CPU
		{934FC42A-313E-482C-887C-0E76C25CBD5B}.Release|Any CPU.ActiveCfg = Release|Any CPU
		{934FC42A-313E-482C-887C-0E76C25CBD5B}.Release|Any CPU.Build.0 = Release|Any CPU
	EndGlobalSection
	GlobalSection(SolutionProperties) = preSolution
		HideSolutionNode = FALSE
	EndGlobalSection
	GlobalSection(ExtensibilityGlobals) = postSolution
		SolutionGuid = {F82F6B6C-4041-4289-A245-0C7A1845DB34}
	EndGlobalSection
EndGlobal
